
Microsoft Visual Studio Solution File, Format Version 12.00
# Visual Studio Version 17
VisualStudioVersion = 17.0.31903.59
MinimumVisualStudioVersion = 10.0.40219.1
Project("{FAE04EC0-301F-11D3-BF4B-00C04F79EFBC}") = "GestionCanchas.app", "GestionCanchas.app\GestionCanchas.app.csproj", "{19E03B57-CA60-4D71-9D2B-E77AF424E2D4}"
EndProject
Project("{FAE04EC0-301F-11D3-BF4B-00C04F79EFBC}") = "Controlador", "Controlador\Controlador.csproj", "{D1AC3AD0-F499-4F5C-9897-209F460983D5}"
EndProject
Project("{FAE04EC0-301F-11D3-BF4B-00C04F79EFBC}") = "Logica", "Logica\Logica.csproj", "{72D7AD34-10AB-4F32-A5B8-B9B8819C23D7}"
EndProject
Project("{FAE04EC0-301F-11D3-BF4B-00C04F79EFBC}") = "Modelos", "Modelos\Modelos.csproj", "{27924BFE-D8D6-4CEC-AFBC-C67B70CBC01F}"
EndProject
Project("{FAE04EC0-301F-11D3-BF4B-00C04F79EFBC}") = "Conexion", "Conexion\Conexion.csproj", "{5E1E280C-F66F-4605-A819-5C531417D77C}"
EndProject
Project("{FAE04EC0-301F-11D3-BF4B-00C04F79EFBC}") = "Scripts", "Scripts\Scripts.csproj", "{DA45787E-CC66-45CC-9A25-CC0539BD447A}"
EndProject
Global
	GlobalSection(SolutionConfigurationPlatforms) = preSolution
		Debug|Any CPU = Debug|Any CPU
		Debug|x64 = Debug|x64
		Debug|x86 = Debug|x86
		Release|Any CPU = Release|Any CPU
		Release|x64 = Release|x64
		Release|x86 = Release|x86
	EndGlobalSection
	GlobalSection(ProjectConfigurationPlatforms) = postSolution
		{19E03B57-CA60-4D71-9D2B-E77AF424E2D4}.Debug|Any CPU.ActiveCfg = Debug|Any CPU
		{19E03B57-CA60-4D71-9D2B-E77AF424E2D4}.Debug|Any CPU.Build.0 = Debug|Any CPU
		{19E03B57-CA60-4D71-9D2B-E77AF424E2D4}.Debug|x64.ActiveCfg = Debug|Any CPU
		{19E03B57-CA60-4D71-9D2B-E77AF424E2D4}.Debug|x64.Build.0 = Debug|Any CPU
		{19E03B57-CA60-4D71-9D2B-E77AF424E2D4}.Debug|x86.ActiveCfg = Debug|Any CPU
		{19E03B57-CA60-4D71-9D2B-E77AF424E2D4}.Debug|x86.Build.0 = Debug|Any CPU
		{19E03B57-CA60-4D71-9D2B-E77AF424E2D4}.Release|Any CPU.ActiveCfg = Release|Any CPU
		{19E03B57-CA60-4D71-9D2B-E77AF424E2D4}.Release|Any CPU.Build.0 = Release|Any CPU
		{19E03B57-CA60-4D71-9D2B-E77AF424E2D4}.Release|x64.ActiveCfg = Release|Any CPU
		{19E03B57-CA60-4D71-9D2B-E77AF424E2D4}.Release|x64.Build.0 = Release|Any CPU
		{19E03B57-CA60-4D71-9D2B-E77AF424E2D4}.Release|x86.ActiveCfg = Release|Any CPU
		{19E03B57-CA60-4D71-9D2B-E77AF424E2D4}.Release|x86.Build.0 = Release|Any CPU
		{D1AC3AD0-F499-4F5C-9897-209F460983D5}.Debug|Any CPU.ActiveCfg = Debug|Any CPU
		{D1AC3AD0-F499-4F5C-9897-209F460983D5}.Debug|Any CPU.Build.0 = Debug|Any CPU
		{D1AC3AD0-F499-4F5C-9897-209F460983D5}.Debug|x64.ActiveCfg = Debug|Any CPU
		{D1AC3AD0-F499-4F5C-9897-209F460983D5}.Debug|x64.Build.0 = Debug|Any CPU
		{D1AC3AD0-F499-4F5C-9897-209F460983D5}.Debug|x86.ActiveCfg = Debug|Any CPU
		{D1AC3AD0-F499-4F5C-9897-209F460983D5}.Debug|x86.Build.0 = Debug|Any CPU
		{D1AC3AD0-F499-4F5C-9897-209F460983D5}.Release|Any CPU.ActiveCfg = Release|Any CPU
		{D1AC3AD0-F499-4F5C-9897-209F460983D5}.Release|Any CPU.Build.0 = Release|Any CPU
		{D1AC3AD0-F499-4F5C-9897-209F460983D5}.Release|x64.ActiveCfg = Release|Any CPU
		{D1AC3AD0-F499-4F5C-9897-209F460983D5}.Release|x64.Build.0 = Release|Any CPU
		{D1AC3AD0-F499-4F5C-9897-209F460983D5}.Release|x86.ActiveCfg = Release|Any CPU
		{D1AC3AD0-F499-4F5C-9897-209F460983D5}.Release|x86.Build.0 = Release|Any CPU
		{72D7AD34-10AB-4F32-A5B8-B9B8819C23D7}.Debug|Any CPU.ActiveCfg = Debug|Any CPU
		{72D7AD34-10AB-4F32-A5B8-B9B8819C23D7}.Debug|Any CPU.Build.0 = Debug|Any CPU
		{72D7AD34-10AB-4F32-A5B8-B9B8819C23D7}.Debug|x64.ActiveCfg = Debug|Any CPU
		{72D7AD34-10AB-4F32-A5B8-B9B8819C23D7}.Debug|x64.Build.0 = Debug|Any CPU
		{72D7AD34-10AB-4F32-A5B8-B9B8819C23D7}.Debug|x86.ActiveCfg = Debug|Any CPU
		{72D7AD34-10AB-4F32-A5B8-B9B8819C23D7}.Debug|x86.Build.0 = Debug|Any CPU
		{72D7AD34-10AB-4F32-A5B8-B9B8819C23D7}.Release|Any CPU.ActiveCfg = Release|Any CPU
		{72D7AD34-10AB-4F32-A5B8-B9B8819C23D7}.Release|Any CPU.Build.0 = Release|Any CPU
		{72D7AD34-10AB-4F32-A5B8-B9B8819C23D7}.Release|x64.ActiveCfg = Release|Any CPU
		{72D7AD34-10AB-4F32-A5B8-B9B8819C23D7}.Release|x64.Build.0 = Release|Any CPU
		{72D7AD34-10AB-4F32-A5B8-B9B8819C23D7}.Release|x86.ActiveCfg = Release|Any CPU
		{72D7AD34-10AB-4F32-A5B8-B9B8819C23D7}.Release|x86.Build.0 = Release|Any CPU
		{27924BFE-D8D6-4CEC-AFBC-C67B70CBC01F}.Debug|Any CPU.ActiveCfg = Debug|Any CPU
		{27924BFE-D8D6-4CEC-AFBC-C67B70CBC01F}.Debug|Any CPU.Build.0 = Debug|Any CPU
		{27924BFE-D8D6-4CEC-AFBC-C67B70CBC01F}.Debug|x64.ActiveCfg = Debug|Any CPU
		{27924BFE-D8D6-4CEC-AFBC-C67B70CBC01F}.Debug|x64.Build.0 = Debug|Any CPU
		{27924BFE-D8D6-4CEC-AFBC-C67B70CBC01F}.Debug|x86.ActiveCfg = Debug|Any CPU
		{27924BFE-D8D6-4CEC-AFBC-C67B70CBC01F}.Debug|x86.Build.0 = Debug|Any CPU
		{27924BFE-D8D6-4CEC-AFBC-C67B70CBC01F}.Release|Any CPU.ActiveCfg = Release|Any CPU
		{27924BFE-D8D6-4CEC-AFBC-C67B70CBC01F}.Release|Any CPU.Build.0 = Release|Any CPU
		{27924BFE-D8D6-4CEC-AFBC-C67B70CBC01F}.Release|x64.ActiveCfg = Release|Any CPU
		{27924BFE-D8D6-4CEC-AFBC-C67B70CBC01F}.Release|x64.Build.0 = Release|Any CPU
		{27924BFE-D8D6-4CEC-AFBC-C67B70CBC01F}.Release|x86.ActiveCfg = Release|Any CPU
		{27924BFE-D8D6-4CEC-AFBC-C67B70CBC01F}.Release|x86.Build.0 = Release|Any CPU
		{5E1E280C-F66F-4605-A819-5C531417D77C}.Debug|Any CPU.ActiveCfg = Debug|Any CPU
		{5E1E280C-F66F-4605-A819-5C531417D77C}.Debug|Any CPU.Build.0 = Debug|Any CPU
		{5E1E280C-F66F-4605-A819-5C531417D77C}.Debug|x64.ActiveCfg = Debug|Any CPU
		{5E1E280C-F66F-4605-A819-5C531417D77C}.Debug|x64.Build.0 = Debug|Any CPU
		{5E1E280C-F66F-4605-A819-5C531417D77C}.Debug|x86.ActiveCfg = Debug|Any CPU
		{5E1E280C-F66F-4605-A819-5C531417D77C}.Debug|x86.Build.0 = Debug|Any CPU
		{5E1E280C-F66F-4605-A819-5C531417D77C}.Release|Any CPU.ActiveCfg = Release|Any CPU
		{5E1E280C-F66F-4605-A819-5C531417D77C}.Release|Any CPU.Build.0 = Release|Any CPU
		{5E1E280C-F66F-4605-A819-5C531417D77C}.Release|x64.ActiveCfg = Release|Any CPU
		{5E1E280C-F66F-4605-A819-5C531417D77C}.Release|x64.Build.0 = Release|Any CPU
		{5E1E280C-F66F-4605-A819-5C531417D77C}.Release|x86.ActiveCfg = Release|Any CPU
		{5E1E280C-F66F-4605-A819-5C531417D77C}.Release|x86.Build.0 = Release|Any CPU
		{DA45787E-CC66-45CC-9A25-CC0539BD447A}.Debug|Any CPU.ActiveCfg = Debug|Any CPU
		{DA45787E-CC66-45CC-9A25-CC0539BD447A}.Debug|Any CPU.Build.0 = Debug|Any CPU
		{DA45787E-CC66-45CC-9A25-CC0539BD447A}.Debug|x64.ActiveCfg = Debug|Any CPU
		{DA45787E-CC66-45CC-9A25-CC0539BD447A}.Debug|x64.Build.0 = Debug|Any CPU
		{DA45787E-CC66-45CC-9A25-CC0539BD447A}.Debug|x86.ActiveCfg = Debug|Any CPU
		{DA45787E-CC66-45CC-9A25-CC0539BD447A}.Debug|x86.Build.0 = Debug|Any CPU
		{DA45787E-CC66-45CC-9A25-CC0539BD447A}.Release|Any CPU.ActiveCfg = Release|Any CPU
		{DA45787E-CC66-45CC-9A25-CC0539BD447A}.Release|Any CPU.Build.0 = Release|Any CPU
		{DA45787E-CC66-45CC-9A25-CC0539BD447A}.Release|x64.ActiveCfg = Release|Any CPU
		{DA45787E-CC66-45CC-9A25-CC0539BD447A}.Release|x64.Build.0 = Release|Any CPU
		{DA45787E-CC66-45CC-9A25-CC0539BD447A}.Release|x86.ActiveCfg = Release|Any CPU
		{DA45787E-CC66-45CC-9A25-CC0539BD447A}.Release|x86.Build.0 = Release|Any CPU
	EndGlobalSection
	GlobalSection(SolutionProperties) = preSolution
		HideSolutionNode = FALSE
	EndGlobalSection
EndGlobal
